
Microsoft Visual Studio Solution File, Format Version 11.00
# Visual Studio 2010
Project("{FAE04EC0-301F-11D3-BF4B-00C04F79EFBC}") = "Assembly-CSharp", "Assembly-CSharp.csproj", "{d9d5da42-f308-630b-39b3-894824fcabc4}"
EndProject
Project("{FAE04EC0-301F-11D3-BF4B-00C04F79EFBC}") = "Assembly-CSharp-Editor", "Assembly-CSharp-Editor.csproj", "{8171f468-08d9-7f26-f013-8bb767dfb7c2}"
EndProject
Global
	GlobalSection(SolutionConfigurationPlatforms) = preSolution
		Debug|Any CPU = Debug|Any CPU
	EndGlobalSection
	GlobalSection(ProjectConfigurationPlatforms) = postSolution
		{d9d5da42-f308-630b-39b3-894824fcabc4}.Debug|Any CPU.ActiveCfg = Debug|Any CPU
		{d9d5da42-f308-630b-39b3-894824fcabc4}.Debug|Any CPU.Build.0 = Debug|Any CPU
		{8171f468-08d9-7f26-f013-8bb767dfb7c2}.Debug|Any CPU.ActiveCfg = Debug|Any CPU
		{8171f468-08d9-7f26-f013-8bb767dfb7c2}.Debug|Any CPU.Build.0 = Debug|Any CPU
	EndGlobalSection
	GlobalSection(SolutionProperties) = preSolution
		HideSolutionNode = FALSE
	EndGlobalSection
EndGlobal
